
Microsoft Visual Studio Solution File, Format Version 12.00
# Visual Studio 2012
Project("{6141683F-8A12-4E36-9623-2EB02B2C2303}") = "setup", "setup.isproj", "{5400126A-822C-4E08-9A61-F4887F5FF7F6}"
EndProject
Global
	GlobalSection(SolutionConfigurationPlatforms) = preSolution
		CD_ROM|Default = CD_ROM|Default
		DVD-5|Default = DVD-5|Default
		SingleImage|Default = SingleImage|Default
	EndGlobalSection
	GlobalSection(ProjectConfigurationPlatforms) = postSolution
		{5400126A-822C-4E08-9A61-F4887F5FF7F6}.CD_ROM|Default.ActiveCfg = CD_ROM
		{5400126A-822C-4E08-9A61-F4887F5FF7F6}.CD_ROM|Default.Build.0 = CD_ROM
		{5400126A-822C-4E08-9A61-F4887F5FF7F6}.DVD-5|Default.ActiveCfg = DVD-5
		{5400126A-822C-4E08-9A61-F4887F5FF7F6}.DVD-5|Default.Build.0 = DVD-5
		{5400126A-822C-4E08-9A61-F4887F5FF7F6}.SingleImage|Default.ActiveCfg = SingleImage
		{5400126A-822C-4E08-9A61-F4887F5FF7F6}.SingleImage|Default.Build.0 = SingleImage
	EndGlobalSection
	GlobalSection(SolutionProperties) = preSolution
		HideSolutionNode = FALSE
	EndGlobalSection
EndGlobal
